
Microsoft Visual Studio Solution File, Format Version 12.00
# Visual Studio Version 16
VisualStudioVersion = 16.0.29728.190
MinimumVisualStudioVersion = 10.0.40219.1
Project("{FAE04EC0-301F-11D3-BF4B-00C04F79EFBC}") = "IntroClassCSharp", "IntroClassCSharp\IntroClassCSharp.csproj", "{E03CF9DD-51C5-40FD-895A-39489F80CE33}"
EndProject
Global
	GlobalSection(SolutionConfigurationPlatforms) = preSolution
		Debug|Any CPU = Debug|Any CPU
		Release|Any CPU = Release|Any CPU
	EndGlobalSection
	GlobalSection(ProjectConfigurationPlatforms) = postSolution
		{E03CF9DD-51C5-40FD-895A-39489F80CE33}.Debug|Any CPU.ActiveCfg = Debug|Any CPU
		{E03CF9DD-51C5-40FD-895A-39489F80CE33}.Debug|Any CPU.Build.0 = Debug|Any CPU
		{E03CF9DD-51C5-40FD-895A-39489F80CE33}.Release|Any CPU.ActiveCfg = Release|Any CPU
		{E03CF9DD-51C5-40FD-895A-39489F80CE33}.Release|Any CPU.Build.0 = Release|Any CPU
	EndGlobalSection
	GlobalSection(SolutionProperties) = preSolution
		HideSolutionNode = FALSE
	EndGlobalSection
	GlobalSection(ExtensibilityGlobals) = postSolution
		SolutionGuid = {4A5CAE2C-840A-4835-B576-CB3386A623F7}
	EndGlobalSection
EndGlobal
